
Microsoft Visual Studio Solution File, Format Version 12.00
# Visual Studio 15
VisualStudioVersion = 15.0.27004.2006
MinimumVisualStudioVersion = 10.0.40219.1
Project("{E24C65DC-7377-472B-9ABA-BC803B73C61A}") = "reactjs.webpack.plutosols", "reactjs.webpack.plutosols\", "{8183A232-9442-44DA-B354-9C9F1272EDCB}"
	ProjectSection(WebsiteProperties) = preProject
		TargetFrameworkMoniker = ".NETFramework,Version%3Dv4.6.1"
		Debug.AspNetCompiler.VirtualPath = "/localhost_53589"
		Debug.AspNetCompiler.PhysicalPath = "reactjs.webpack.plutosols\"
		Debug.AspNetCompiler.TargetPath = "PrecompiledWeb\localhost_53589\"
		Debug.AspNetCompiler.Updateable = "true"
		Debug.AspNetCompiler.ForceOverwrite = "true"
		Debug.AspNetCompiler.FixedNames = "false"
		Debug.AspNetCompiler.Debug = "True"
		Release.AspNetCompiler.VirtualPath = "/localhost_53589"
		Release.AspNetCompiler.PhysicalPath = "reactjs.webpack.plutosols\"
		Release.AspNetCompiler.TargetPath = "PrecompiledWeb\localhost_53589\"
		Release.AspNetCompiler.Updateable = "true"
		Release.AspNetCompiler.ForceOverwrite = "true"
		Release.AspNetCompiler.FixedNames = "false"
		Release.AspNetCompiler.Debug = "False"
		VWDPort = "53589"
		SlnRelativePath = "reactjs.webpack.plutosols\"
	EndProjectSection
EndProject
Project("{E24C65DC-7377-472B-9ABA-BC803B73C61A}") = "reactjs.review.plutosols", "reactjs.review.plutosols\", "{3CA067F1-11FB-499A-AA84-2646EB4A7267}"
	ProjectSection(WebsiteProperties) = preProject
		TargetFrameworkMoniker = ".NETFramework,Version%3Dv4.6.1"
		Debug.AspNetCompiler.VirtualPath = "/localhost_61371"
		Debug.AspNetCompiler.PhysicalPath = "reactjs.review.plutosols\"
		Debug.AspNetCompiler.TargetPath = "PrecompiledWeb\localhost_61371\"
		Debug.AspNetCompiler.Updateable = "true"
		Debug.AspNetCompiler.ForceOverwrite = "true"
		Debug.AspNetCompiler.FixedNames = "false"
		Debug.AspNetCompiler.Debug = "True"
		Release.AspNetCompiler.VirtualPath = "/localhost_61371"
		Release.AspNetCompiler.PhysicalPath = "reactjs.review.plutosols\"
		Release.AspNetCompiler.TargetPath = "PrecompiledWeb\localhost_61371\"
		Release.AspNetCompiler.Updateable = "true"
		Release.AspNetCompiler.ForceOverwrite = "true"
		Release.AspNetCompiler.FixedNames = "false"
		Release.AspNetCompiler.Debug = "False"
		VWDPort = "61371"
		SlnRelativePath = "reactjs.review.plutosols\"
	EndProjectSection
EndProject
Project("{E24C65DC-7377-472B-9ABA-BC803B73C61A}") = "reactjs.app.plutosols(1)", "reactjs.app.plutosols\", "{06F38FA0-921E-422A-94C5-C803696539F0}"
	ProjectSection(WebsiteProperties) = preProject
		TargetFrameworkMoniker = ".NETFramework,Version%3Dv4.0"
		Debug.AspNetCompiler.VirtualPath = "/localhost_52369"
		Debug.AspNetCompiler.PhysicalPath = "reactjs.app.plutosols\"
		Debug.AspNetCompiler.TargetPath = "PrecompiledWeb\localhost_52369\"
		Debug.AspNetCompiler.Updateable = "true"
		Debug.AspNetCompiler.ForceOverwrite = "true"
		Debug.AspNetCompiler.FixedNames = "false"
		Debug.AspNetCompiler.Debug = "True"
		Release.AspNetCompiler.VirtualPath = "/localhost_52369"
		Release.AspNetCompiler.PhysicalPath = "reactjs.app.plutosols\"
		Release.AspNetCompiler.TargetPath = "PrecompiledWeb\localhost_52369\"
		Release.AspNetCompiler.Updateable = "true"
		Release.AspNetCompiler.ForceOverwrite = "true"
		Release.AspNetCompiler.FixedNames = "false"
		Release.AspNetCompiler.Debug = "False"
		VWDPort = "52369"
		SlnRelativePath = "reactjs.app.plutosols\"
	EndProjectSection
EndProject
Project("{FAE04EC0-301F-11D3-BF4B-00C04F79EFBC}") = "reactjs.mvc.plutosols", "..\reactjs.mvc.plutosols\reactjs.mvc.plutosols.csproj", "{77214442-D00A-4C39-9419-7285B6949D22}"
EndProject
Project("{E24C65DC-7377-472B-9ABA-BC803B73C61A}") = "reactjs.babel.plutosols", "reactjs.babel.plutosols\", "{F4740E03-5C62-4C92-BAD6-A6183C6BEC5A}"
	ProjectSection(WebsiteProperties) = preProject
		TargetFrameworkMoniker = ".NETFramework,Version%3Dv4.6.1"
		Debug.AspNetCompiler.VirtualPath = "/localhost_60501"
		Debug.AspNetCompiler.PhysicalPath = "reactjs.babel.plutosols\"
		Debug.AspNetCompiler.TargetPath = "PrecompiledWeb\localhost_60501\"
		Debug.AspNetCompiler.Updateable = "true"
		Debug.AspNetCompiler.ForceOverwrite = "true"
		Debug.AspNetCompiler.FixedNames = "false"
		Debug.AspNetCompiler.Debug = "True"
		Release.AspNetCompiler.VirtualPath = "/localhost_60501"
		Release.AspNetCompiler.PhysicalPath = "reactjs.babel.plutosols\"
		Release.AspNetCompiler.TargetPath = "PrecompiledWeb\localhost_60501\"
		Release.AspNetCompiler.Updateable = "true"
		Release.AspNetCompiler.ForceOverwrite = "true"
		Release.AspNetCompiler.FixedNames = "false"
		Release.AspNetCompiler.Debug = "False"
		VWDPort = "60501"
		SlnRelativePath = "reactjs.babel.plutosols\"
	EndProjectSection
EndProject
Global
	GlobalSection(SolutionConfigurationPlatforms) = preSolution
		Debug|Any CPU = Debug|Any CPU
		Release|Any CPU = Release|Any CPU
	EndGlobalSection
	GlobalSection(ProjectConfigurationPlatforms) = postSolution
		{8183A232-9442-44DA-B354-9C9F1272EDCB}.Debug|Any CPU.ActiveCfg = Debug|Any CPU
		{8183A232-9442-44DA-B354-9C9F1272EDCB}.Debug|Any CPU.Build.0 = Debug|Any CPU
		{8183A232-9442-44DA-B354-9C9F1272EDCB}.Release|Any CPU.ActiveCfg = Debug|Any CPU
		{8183A232-9442-44DA-B354-9C9F1272EDCB}.Release|Any CPU.Build.0 = Debug|Any CPU
		{3CA067F1-11FB-499A-AA84-2646EB4A7267}.Debug|Any CPU.ActiveCfg = Debug|Any CPU
		{3CA067F1-11FB-499A-AA84-2646EB4A7267}.Debug|Any CPU.Build.0 = Debug|Any CPU
		{3CA067F1-11FB-499A-AA84-2646EB4A7267}.Release|Any CPU.ActiveCfg = Debug|Any CPU
		{3CA067F1-11FB-499A-AA84-2646EB4A7267}.Release|Any CPU.Build.0 = Debug|Any CPU
		{06F38FA0-921E-422A-94C5-C803696539F0}.Debug|Any CPU.ActiveCfg = Debug|Any CPU
		{06F38FA0-921E-422A-94C5-C803696539F0}.Debug|Any CPU.Build.0 = Debug|Any CPU
		{06F38FA0-921E-422A-94C5-C803696539F0}.Release|Any CPU.ActiveCfg = Debug|Any CPU
		{06F38FA0-921E-422A-94C5-C803696539F0}.Release|Any CPU.Build.0 = Debug|Any CPU
		{77214442-D00A-4C39-9419-7285B6949D22}.Debug|Any CPU.ActiveCfg = Debug|Any CPU
		{77214442-D00A-4C39-9419-7285B6949D22}.Debug|Any CPU.Build.0 = Debug|Any CPU
		{77214442-D00A-4C39-9419-7285B6949D22}.Release|Any CPU.ActiveCfg = Release|Any CPU
		{77214442-D00A-4C39-9419-7285B6949D22}.Release|Any CPU.Build.0 = Release|Any CPU
		{F4740E03-5C62-4C92-BAD6-A6183C6BEC5A}.Debug|Any CPU.ActiveCfg = Debug|Any CPU
		{F4740E03-5C62-4C92-BAD6-A6183C6BEC5A}.Debug|Any CPU.Build.0 = Debug|Any CPU
		{F4740E03-5C62-4C92-BAD6-A6183C6BEC5A}.Release|Any CPU.ActiveCfg = Debug|Any CPU
		{F4740E03-5C62-4C92-BAD6-A6183C6BEC5A}.Release|Any CPU.Build.0 = Debug|Any CPU
	EndGlobalSection
	GlobalSection(SolutionProperties) = preSolution
		HideSolutionNode = FALSE
	EndGlobalSection
	GlobalSection(ExtensibilityGlobals) = postSolution
		SolutionGuid = {2C93F3CF-C1FE-418C-A2A4-94A8B7AAEF41}
	EndGlobalSection
EndGlobal
